
Microsoft Visual Studio Solution File, Format Version 12.00
# Visual Studio Version 16
VisualStudioVersion = 16.0.29209.62
MinimumVisualStudioVersion = 10.0.40219.1
Project("{FAE04EC0-301F-11D3-BF4B-00C04F79EFBC}") = "NuevaAplicacion", "NuevaAplicacion.csproj", "{F2FF2447-7D9B-47C0-8DF9-149160885A49}"
EndProject
Project("{FAE04EC0-301F-11D3-BF4B-00C04F79EFBC}") = "Leccion4", "..\Leccion4\Leccion4.csproj", "{60F2FFD5-D254-44D4-80D1-3B3BD780F195}"
EndProject
Project("{FAE04EC0-301F-11D3-BF4B-00C04F79EFBC}") = "Leccion5", "..\Leccion5\Leccion5.csproj", "{611FA8DD-F4A1-460A-A132-7247446DCBF7}"
EndProject
Global
	GlobalSection(SolutionConfigurationPlatforms) = preSolution
		Debug|Any CPU = Debug|Any CPU
		Release|Any CPU = Release|Any CPU
	EndGlobalSection
	GlobalSection(ProjectConfigurationPlatforms) = postSolution
		{F2FF2447-7D9B-47C0-8DF9-149160885A49}.Debug|Any CPU.ActiveCfg = Debug|Any CPU
		{F2FF2447-7D9B-47C0-8DF9-149160885A49}.Debug|Any CPU.Build.0 = Debug|Any CPU
		{F2FF2447-7D9B-47C0-8DF9-149160885A49}.Release|Any CPU.ActiveCfg = Release|Any CPU
		{F2FF2447-7D9B-47C0-8DF9-149160885A49}.Release|Any CPU.Build.0 = Release|Any CPU
		{60F2FFD5-D254-44D4-80D1-3B3BD780F195}.Debug|Any CPU.ActiveCfg = Debug|Any CPU
		{60F2FFD5-D254-44D4-80D1-3B3BD780F195}.Debug|Any CPU.Build.0 = Debug|Any CPU
		{60F2FFD5-D254-44D4-80D1-3B3BD780F195}.Release|Any CPU.ActiveCfg = Release|Any CPU
		{60F2FFD5-D254-44D4-80D1-3B3BD780F195}.Release|Any CPU.Build.0 = Release|Any CPU
		{611FA8DD-F4A1-460A-A132-7247446DCBF7}.Debug|Any CPU.ActiveCfg = Debug|Any CPU
		{611FA8DD-F4A1-460A-A132-7247446DCBF7}.Debug|Any CPU.Build.0 = Debug|Any CPU
		{611FA8DD-F4A1-460A-A132-7247446DCBF7}.Release|Any CPU.ActiveCfg = Release|Any CPU
		{611FA8DD-F4A1-460A-A132-7247446DCBF7}.Release|Any CPU.Build.0 = Release|Any CPU
	EndGlobalSection
	GlobalSection(SolutionProperties) = preSolution
		HideSolutionNode = FALSE
	EndGlobalSection
	GlobalSection(ExtensibilityGlobals) = postSolution
		SolutionGuid = {257D2E02-8983-4C15-AB9F-BB3A66B3B0D3}
	EndGlobalSection
EndGlobal
